
Microsoft Visual Studio Solution File, Format Version 12.00
Project("{FAE04EC0-301F-11D3-BF4B-00C04F79EFBC}") = "Storage", "..\Storage\Storage.csproj", "{B1E98F50-13C6-4126-820E-02BDBA215D25}"
EndProject
Global
	GlobalSection(SolutionConfigurationPlatforms) = preSolution
		Debug|Any CPU = Debug|Any CPU
		Release|Any CPU = Release|Any CPU
	EndGlobalSection
	GlobalSection(ProjectConfigurationPlatforms) = postSolution
		{B1E98F50-13C6-4126-820E-02BDBA215D25}.Debug|Any CPU.ActiveCfg = Debug|Any CPU
		{B1E98F50-13C6-4126-820E-02BDBA215D25}.Debug|Any CPU.Build.0 = Debug|Any CPU
		{B1E98F50-13C6-4126-820E-02BDBA215D25}.Release|Any CPU.ActiveCfg = Release|Any CPU
		{B1E98F50-13C6-4126-820E-02BDBA215D25}.Release|Any CPU.Build.0 = Release|Any CPU
	EndGlobalSection
EndGlobal
